
Microsoft Visual Studio Solution File, Format Version 12.00
# Visual Studio Version 17
VisualStudioVersion = 17.8.34511.84
MinimumVisualStudioVersion = 10.0.40219.1
Project("{FAE04EC0-301F-11D3-BF4B-00C04F79EFBC}") = "RobinOgMarius", "RobinOgMarius\RobinOgMarius.csproj", "{B52FCE92-3CA0-4496-901B-89E1CA145587}"
EndProject
Global
	GlobalSection(SolutionConfigurationPlatforms) = preSolution
		Debug|Any CPU = Debug|Any CPU
		Release|Any CPU = Release|Any CPU
	EndGlobalSection
	GlobalSection(ProjectConfigurationPlatforms) = postSolution
		{B52FCE92-3CA0-4496-901B-89E1CA145587}.Debug|Any CPU.ActiveCfg = Debug|Any CPU
		{B52FCE92-3CA0-4496-901B-89E1CA145587}.Debug|Any CPU.Build.0 = Debug|Any CPU
		{B52FCE92-3CA0-4496-901B-89E1CA145587}.Release|Any CPU.ActiveCfg = Release|Any CPU
		{B52FCE92-3CA0-4496-901B-89E1CA145587}.Release|Any CPU.Build.0 = Release|Any CPU
	EndGlobalSection
	GlobalSection(SolutionProperties) = preSolution
		HideSolutionNode = FALSE
	EndGlobalSection
	GlobalSection(ExtensibilityGlobals) = postSolution
		SolutionGuid = {0752D0FE-4C96-4B97-9D28-4E64C6CFCCB4}
	EndGlobalSection
EndGlobal
